# This file is automatically @generated by Cargo.
# It is not intended for manual editing.
version = 4

[[package]]
name = "double-linked-list"
version = "0.1.0"
source = "git+https://github.com/dasaniket20002/double-linked-list.git?branch=main#e35dcefdaa6c0ea11483479d786eee8f32a4b4c3"

[[package]]
name = "quadtree"
version = "0.1.0"
dependencies = [
 "double-linked-list",
]
